
Microsoft Visual Studio Solution File, Format Version 12.00
# Visual Studio Version 16
VisualStudioVersion = 16.0.29709.97
MinimumVisualStudioVersion = 10.0.40219.1
Project("{FAE04EC0-301F-11D3-BF4B-00C04F79EFBC}") = "ODataAspNetCore", "ODataAspNetCore\ODataAspNetCore.csproj", "{443C0CEA-E1D6-4396-89C8-4D0226CF54A2}"
EndProject
Global
	GlobalSection(SolutionConfigurationPlatforms) = preSolution
		Debug|Any CPU = Debug|Any CPU
		Release|Any CPU = Release|Any CPU
	EndGlobalSection
	GlobalSection(ProjectConfigurationPlatforms) = postSolution
		{443C0CEA-E1D6-4396-89C8-4D0226CF54A2}.Debug|Any CPU.ActiveCfg = Debug|Any CPU
		{443C0CEA-E1D6-4396-89C8-4D0226CF54A2}.Debug|Any CPU.Build.0 = Debug|Any CPU
		{443C0CEA-E1D6-4396-89C8-4D0226CF54A2}.Release|Any CPU.ActiveCfg = Release|Any CPU
		{443C0CEA-E1D6-4396-89C8-4D0226CF54A2}.Release|Any CPU.Build.0 = Release|Any CPU
	EndGlobalSection
	GlobalSection(SolutionProperties) = preSolution
		HideSolutionNode = FALSE
	EndGlobalSection
	GlobalSection(ExtensibilityGlobals) = postSolution
		SolutionGuid = {34F2F5D9-2B54-49D1-A82E-A01B99D904F8}
	EndGlobalSection
EndGlobal
